# generated by rye
# use `rye lock` or `rye sync` to update this lockfile
#
# last locked with the following flags:
#   pre: false
#   features: ["pyqt6"]
#   all-features: false
#   with-sources: false
#   generate-hashes: false
#   universal: true

-e file:.
freetype-py==2.4.0
    # via vispy
genicam==1.4.0
    # via harvesters
harvesters==1.4.3
    # via harvesters-gui
hsluv==5.0.4
    # via vispy
kiwisolver==1.4.5
    # via vispy
numpy==2.0.1
    # via harvesters
    # via vispy
packaging==24.1
    # via qtpy
    # via vispy
pyopengl==3.1.7
    # via harvesters-gui
pyqt6==6.7.1
    # via harvesters-gui
pyqt6-qt6==6.7.2
    # via pyqt6
pyqt6-sip==13.8.0
    # via pyqt6
qtpy==2.4.1
    # via harvesters-gui
vispy==0.14.3
    # via harvesters-gui
