# generated by rye
# use `rye lock` or `rye sync` to update this lockfile
#
# last locked with the following flags:
#   pre: false
#   features: ["pyqt6"]
#   all-features: false
#   with-sources: false
#   generate-hashes: false
#   universal: true

-e file:.
alabaster==0.7.16
    # via sphinx
babel==2.15.0
    # via sphinx
certifi==2024.7.4
    # via requests
charset-normalizer==3.3.2
    # via requests
colorama==0.4.6 ; sys_platform == 'win32'
    # via sphinx
docutils==0.21.2
    # via sphinx
freetype-py==2.4.0
    # via vispy
genicam==1.4.0
    # via harvesters
harvesters==1.4.3
    # via harvesters-gui
hsluv==5.0.4
    # via vispy
idna==3.7
    # via requests
imagesize==1.4.1
    # via sphinx
jinja2==3.1.4
    # via sphinx
kiwisolver==1.4.5
    # via vispy
markupsafe==2.1.5
    # via jinja2
numpy==2.0.1
    # via harvesters
    # via vispy
packaging==24.1
    # via qtpy
    # via sphinx
    # via vispy
pygments==2.18.0
    # via sphinx
pyopengl==3.1.7
    # via harvesters-gui
pyqt6==6.7.1
    # via harvesters-gui
pyqt6-qt6==6.7.2
    # via pyqt6
pyqt6-sip==13.8.0
    # via pyqt6
qtpy==2.4.1
    # via harvesters-gui
requests==2.32.3
    # via sphinx
snowballstemmer==2.2.0
    # via sphinx
sphinx==7.4.7
sphinxcontrib-applehelp==2.0.0
    # via sphinx
sphinxcontrib-devhelp==2.0.0
    # via sphinx
sphinxcontrib-htmlhelp==2.1.0
    # via sphinx
sphinxcontrib-jsmath==1.0.1
    # via sphinx
sphinxcontrib-qthelp==2.0.0
    # via sphinx
sphinxcontrib-serializinghtml==2.0.0
    # via sphinx
tomli==2.0.1 ; python_version < '3.11'
    # via sphinx
urllib3==2.2.2
    # via requests
vispy==0.14.3
    # via harvesters-gui
